
Microsoft Visual Studio Solution File, Format Version 12.00
# Visual Studio 15
VisualStudioVersion = 15.0.26124.0
MinimumVisualStudioVersion = 15.0.26124.0
Project("{FAE04EC0-301F-11D3-BF4B-00C04F79EFBC}") = "R1Services.Domain", "R1Services.Domain\R1Services.Domain.csproj", "{877597F0-A1DB-40B8-80BE-0A4F0618DA69}"
EndProject
Project("{FAE04EC0-301F-11D3-BF4B-00C04F79EFBC}") = "R1Services.Infra.Data", "R1Services.Infra.Data\R1Services.Infra.Data.csproj", "{DB643A0C-E789-4E3B-868E-E8A6D5DFED0A}"
EndProject
Project("{FAE04EC0-301F-11D3-BF4B-00C04F79EFBC}") = "R1Services.Service", "R1Services.Service\R1Services.Service.csproj", "{74C58AFC-6C74-4D43-AA4E-71779003D9E9}"
EndProject
Project("{FAE04EC0-301F-11D3-BF4B-00C04F79EFBC}") = "R1Services.API.Captcha", "R1Services.API.Captcha\R1Services.API.Captcha.csproj", "{37047059-49A7-4A85-8452-0B491163D88F}"
EndProject
Project("{FAE04EC0-301F-11D3-BF4B-00C04F79EFBC}") = "R1Services.Infra.CrossCutting", "R1Services.Infra.CrossCutting\R1Services.Infra.CrossCutting.csproj", "{D579DA57-E8FD-459A-BBAE-7C77C52D3356}"
EndProject
Global
	GlobalSection(SolutionConfigurationPlatforms) = preSolution
		Debug|Any CPU = Debug|Any CPU
		Debug|x64 = Debug|x64
		Debug|x86 = Debug|x86
		Release|Any CPU = Release|Any CPU
		Release|x64 = Release|x64
		Release|x86 = Release|x86
	EndGlobalSection
	GlobalSection(SolutionProperties) = preSolution
		HideSolutionNode = FALSE
	EndGlobalSection
	GlobalSection(ProjectConfigurationPlatforms) = postSolution
		{877597F0-A1DB-40B8-80BE-0A4F0618DA69}.Debug|Any CPU.ActiveCfg = Debug|Any CPU
		{877597F0-A1DB-40B8-80BE-0A4F0618DA69}.Debug|Any CPU.Build.0 = Debug|Any CPU
		{877597F0-A1DB-40B8-80BE-0A4F0618DA69}.Debug|x64.ActiveCfg = Debug|Any CPU
		{877597F0-A1DB-40B8-80BE-0A4F0618DA69}.Debug|x64.Build.0 = Debug|Any CPU
		{877597F0-A1DB-40B8-80BE-0A4F0618DA69}.Debug|x86.ActiveCfg = Debug|Any CPU
		{877597F0-A1DB-40B8-80BE-0A4F0618DA69}.Debug|x86.Build.0 = Debug|Any CPU
		{877597F0-A1DB-40B8-80BE-0A4F0618DA69}.Release|Any CPU.ActiveCfg = Release|Any CPU
		{877597F0-A1DB-40B8-80BE-0A4F0618DA69}.Release|Any CPU.Build.0 = Release|Any CPU
		{877597F0-A1DB-40B8-80BE-0A4F0618DA69}.Release|x64.ActiveCfg = Release|Any CPU
		{877597F0-A1DB-40B8-80BE-0A4F0618DA69}.Release|x64.Build.0 = Release|Any CPU
		{877597F0-A1DB-40B8-80BE-0A4F0618DA69}.Release|x86.ActiveCfg = Release|Any CPU
		{877597F0-A1DB-40B8-80BE-0A4F0618DA69}.Release|x86.Build.0 = Release|Any CPU
		{DB643A0C-E789-4E3B-868E-E8A6D5DFED0A}.Debug|Any CPU.ActiveCfg = Debug|Any CPU
		{DB643A0C-E789-4E3B-868E-E8A6D5DFED0A}.Debug|Any CPU.Build.0 = Debug|Any CPU
		{DB643A0C-E789-4E3B-868E-E8A6D5DFED0A}.Debug|x64.ActiveCfg = Debug|Any CPU
		{DB643A0C-E789-4E3B-868E-E8A6D5DFED0A}.Debug|x64.Build.0 = Debug|Any CPU
		{DB643A0C-E789-4E3B-868E-E8A6D5DFED0A}.Debug|x86.ActiveCfg = Debug|Any CPU
		{DB643A0C-E789-4E3B-868E-E8A6D5DFED0A}.Debug|x86.Build.0 = Debug|Any CPU
		{DB643A0C-E789-4E3B-868E-E8A6D5DFED0A}.Release|Any CPU.ActiveCfg = Release|Any CPU
		{DB643A0C-E789-4E3B-868E-E8A6D5DFED0A}.Release|Any CPU.Build.0 = Release|Any CPU
		{DB643A0C-E789-4E3B-868E-E8A6D5DFED0A}.Release|x64.ActiveCfg = Release|Any CPU
		{DB643A0C-E789-4E3B-868E-E8A6D5DFED0A}.Release|x64.Build.0 = Release|Any CPU
		{DB643A0C-E789-4E3B-868E-E8A6D5DFED0A}.Release|x86.ActiveCfg = Release|Any CPU
		{DB643A0C-E789-4E3B-868E-E8A6D5DFED0A}.Release|x86.Build.0 = Release|Any CPU
		{74C58AFC-6C74-4D43-AA4E-71779003D9E9}.Debug|Any CPU.ActiveCfg = Debug|Any CPU
		{74C58AFC-6C74-4D43-AA4E-71779003D9E9}.Debug|Any CPU.Build.0 = Debug|Any CPU
		{74C58AFC-6C74-4D43-AA4E-71779003D9E9}.Debug|x64.ActiveCfg = Debug|Any CPU
		{74C58AFC-6C74-4D43-AA4E-71779003D9E9}.Debug|x64.Build.0 = Debug|Any CPU
		{74C58AFC-6C74-4D43-AA4E-71779003D9E9}.Debug|x86.ActiveCfg = Debug|Any CPU
		{74C58AFC-6C74-4D43-AA4E-71779003D9E9}.Debug|x86.Build.0 = Debug|Any CPU
		{74C58AFC-6C74-4D43-AA4E-71779003D9E9}.Release|Any CPU.ActiveCfg = Release|Any CPU
		{74C58AFC-6C74-4D43-AA4E-71779003D9E9}.Release|Any CPU.Build.0 = Release|Any CPU
		{74C58AFC-6C74-4D43-AA4E-71779003D9E9}.Release|x64.ActiveCfg = Release|Any CPU
		{74C58AFC-6C74-4D43-AA4E-71779003D9E9}.Release|x64.Build.0 = Release|Any CPU
		{74C58AFC-6C74-4D43-AA4E-71779003D9E9}.Release|x86.ActiveCfg = Release|Any CPU
		{74C58AFC-6C74-4D43-AA4E-71779003D9E9}.Release|x86.Build.0 = Release|Any CPU
		{37047059-49A7-4A85-8452-0B491163D88F}.Debug|Any CPU.ActiveCfg = Debug|Any CPU
		{37047059-49A7-4A85-8452-0B491163D88F}.Debug|Any CPU.Build.0 = Debug|Any CPU
		{37047059-49A7-4A85-8452-0B491163D88F}.Debug|x64.ActiveCfg = Debug|Any CPU
		{37047059-49A7-4A85-8452-0B491163D88F}.Debug|x64.Build.0 = Debug|Any CPU
		{37047059-49A7-4A85-8452-0B491163D88F}.Debug|x86.ActiveCfg = Debug|Any CPU
		{37047059-49A7-4A85-8452-0B491163D88F}.Debug|x86.Build.0 = Debug|Any CPU
		{37047059-49A7-4A85-8452-0B491163D88F}.Release|Any CPU.ActiveCfg = Release|Any CPU
		{37047059-49A7-4A85-8452-0B491163D88F}.Release|Any CPU.Build.0 = Release|Any CPU
		{37047059-49A7-4A85-8452-0B491163D88F}.Release|x64.ActiveCfg = Release|Any CPU
		{37047059-49A7-4A85-8452-0B491163D88F}.Release|x64.Build.0 = Release|Any CPU
		{37047059-49A7-4A85-8452-0B491163D88F}.Release|x86.ActiveCfg = Release|Any CPU
		{37047059-49A7-4A85-8452-0B491163D88F}.Release|x86.Build.0 = Release|Any CPU
		{D579DA57-E8FD-459A-BBAE-7C77C52D3356}.Debug|Any CPU.ActiveCfg = Debug|Any CPU
		{D579DA57-E8FD-459A-BBAE-7C77C52D3356}.Debug|Any CPU.Build.0 = Debug|Any CPU
		{D579DA57-E8FD-459A-BBAE-7C77C52D3356}.Debug|x64.ActiveCfg = Debug|Any CPU
		{D579DA57-E8FD-459A-BBAE-7C77C52D3356}.Debug|x64.Build.0 = Debug|Any CPU
		{D579DA57-E8FD-459A-BBAE-7C77C52D3356}.Debug|x86.ActiveCfg = Debug|Any CPU
		{D579DA57-E8FD-459A-BBAE-7C77C52D3356}.Debug|x86.Build.0 = Debug|Any CPU
		{D579DA57-E8FD-459A-BBAE-7C77C52D3356}.Release|Any CPU.ActiveCfg = Release|Any CPU
		{D579DA57-E8FD-459A-BBAE-7C77C52D3356}.Release|Any CPU.Build.0 = Release|Any CPU
		{D579DA57-E8FD-459A-BBAE-7C77C52D3356}.Release|x64.ActiveCfg = Release|Any CPU
		{D579DA57-E8FD-459A-BBAE-7C77C52D3356}.Release|x64.Build.0 = Release|Any CPU
		{D579DA57-E8FD-459A-BBAE-7C77C52D3356}.Release|x86.ActiveCfg = Release|Any CPU
		{D579DA57-E8FD-459A-BBAE-7C77C52D3356}.Release|x86.Build.0 = Release|Any CPU
	EndGlobalSection
EndGlobal
